
Microsoft Visual Studio Solution File, Format Version 12.00
# Visual Studio Version 16
VisualStudioVersion = 16.0.30320.27
MinimumVisualStudioVersion = 10.0.40219.1
Project("{FAE04EC0-301F-11D3-BF4B-00C04F79EFBC}") = "Robko01", "Robko01\Robko01.csproj", "{391855B0-C5DB-459C-9DFC-C689CF6117FB}"
EndProject
Project("{FAE04EC0-301F-11D3-BF4B-00C04F79EFBC}") = "Robko01Lib", "Robko01Lib\Robko01Lib.csproj", "{7649EF1D-0AF3-4009-8DF5-D6BFB9D47BEF}"
EndProject
Global
	GlobalSection(SolutionConfigurationPlatforms) = preSolution
		Debug|Any CPU = Debug|Any CPU
		Release|Any CPU = Release|Any CPU
	EndGlobalSection
	GlobalSection(ProjectConfigurationPlatforms) = postSolution
		{391855B0-C5DB-459C-9DFC-C689CF6117FB}.Debug|Any CPU.ActiveCfg = Debug|Any CPU
		{391855B0-C5DB-459C-9DFC-C689CF6117FB}.Debug|Any CPU.Build.0 = Debug|Any CPU
		{391855B0-C5DB-459C-9DFC-C689CF6117FB}.Release|Any CPU.ActiveCfg = Release|Any CPU
		{391855B0-C5DB-459C-9DFC-C689CF6117FB}.Release|Any CPU.Build.0 = Release|Any CPU
		{7649EF1D-0AF3-4009-8DF5-D6BFB9D47BEF}.Debug|Any CPU.ActiveCfg = Debug|Any CPU
		{7649EF1D-0AF3-4009-8DF5-D6BFB9D47BEF}.Debug|Any CPU.Build.0 = Debug|Any CPU
		{7649EF1D-0AF3-4009-8DF5-D6BFB9D47BEF}.Release|Any CPU.ActiveCfg = Release|Any CPU
		{7649EF1D-0AF3-4009-8DF5-D6BFB9D47BEF}.Release|Any CPU.Build.0 = Release|Any CPU
	EndGlobalSection
	GlobalSection(SolutionProperties) = preSolution
		HideSolutionNode = FALSE
	EndGlobalSection
	GlobalSection(ExtensibilityGlobals) = postSolution
		SolutionGuid = {8ECC6BDD-83E9-4840-A5FD-BB9B73BA4C21}
	EndGlobalSection
EndGlobal
